
Microsoft Visual Studio Solution File, Format Version 12.00
# Visual Studio Version 16
VisualStudioVersion = 16.0.31112.23
MinimumVisualStudioVersion = 10.0.40219.1
Project("{FAE04EC0-301F-11D3-BF4B-00C04F79EFBC}") = "CountCharacters", "CountCharacters\CountCharacters.csproj", "{749C05E2-4C12-45D0-9353-00D401C8C71B}"
EndProject
Project("{FAE04EC0-301F-11D3-BF4B-00C04F79EFBC}") = "CountCharactersTests", "CountCharactersTests\CountCharactersTests.csproj", "{A6ED54F8-5538-4532-90B2-F9A917E9E84C}"
EndProject
Global
	GlobalSection(SolutionConfigurationPlatforms) = preSolution
		Debug|Any CPU = Debug|Any CPU
		Release|Any CPU = Release|Any CPU
	EndGlobalSection
	GlobalSection(ProjectConfigurationPlatforms) = postSolution
		{749C05E2-4C12-45D0-9353-00D401C8C71B}.Debug|Any CPU.ActiveCfg = Debug|Any CPU
		{749C05E2-4C12-45D0-9353-00D401C8C71B}.Debug|Any CPU.Build.0 = Debug|Any CPU
		{749C05E2-4C12-45D0-9353-00D401C8C71B}.Release|Any CPU.ActiveCfg = Release|Any CPU
		{749C05E2-4C12-45D0-9353-00D401C8C71B}.Release|Any CPU.Build.0 = Release|Any CPU
		{A6ED54F8-5538-4532-90B2-F9A917E9E84C}.Debug|Any CPU.ActiveCfg = Debug|Any CPU
		{A6ED54F8-5538-4532-90B2-F9A917E9E84C}.Debug|Any CPU.Build.0 = Debug|Any CPU
		{A6ED54F8-5538-4532-90B2-F9A917E9E84C}.Release|Any CPU.ActiveCfg = Release|Any CPU
		{A6ED54F8-5538-4532-90B2-F9A917E9E84C}.Release|Any CPU.Build.0 = Release|Any CPU
	EndGlobalSection
	GlobalSection(SolutionProperties) = preSolution
		HideSolutionNode = FALSE
	EndGlobalSection
	GlobalSection(ExtensibilityGlobals) = postSolution
		SolutionGuid = {1E5BCFCC-4E83-4C34-8EBE-07B1EBE21633}
	EndGlobalSection
EndGlobal
